
Microsoft Visual Studio Solution File, Format Version 11.00
# Visual Studio 2010
Project("{FAE04EC0-301F-11D3-BF4B-00C04F79EFBC}") = "xpdm.Bitcoin", "xpdm.Bitcoin\xpdm.Bitcoin.csproj", "{77C66EA7-C2CE-4C55-A5E2-6ACCDBBF5A40}"
EndProject
Project("{2150E333-8FDC-42A3-9474-1A3956D46DE8}") = "C5", "C5", "{7F0E176C-07BC-42FE-91B7-51DB522EFAAE}"
EndProject
Project("{FAE04EC0-301F-11D3-BF4B-00C04F79EFBC}") = "C5", "lib\C5\C5\C5.csproj", "{D70489CD-ABDA-48FF-BD1E-BE3F7495BE71}"
EndProject
Project("{2150E333-8FDC-42A3-9474-1A3956D46DE8}") = "Bouncy Castle", "Bouncy Castle", "{4FD1E66E-2DA9-4365-90CB-727971F0E010}"
EndProject
Project("{FAE04EC0-301F-11D3-BF4B-00C04F79EFBC}") = "crypto", "lib\bouncycastle\crypto\crypto.csproj", "{38872A5F-E87E-4FAD-B109-8EB7B2E6A4A0}"
EndProject
Project("{FAE04EC0-301F-11D3-BF4B-00C04F79EFBC}") = "xpdm.Bitcoin.Tests", "xpdm.Bitcoin.Tests\xpdm.Bitcoin.Tests.csproj", "{9669C213-3097-40DC-8DD7-C876EDBC83EC}"
EndProject
Project("{FAE04EC0-301F-11D3-BF4B-00C04F79EFBC}") = "xpdm.Bitcoin.Messaging", "xpdm.Bitcoin.Messaging\xpdm.Bitcoin.Messaging.csproj", "{16381259-7CED-406A-8471-86217A95E62E}"
EndProject
Project("{FAE04EC0-301F-11D3-BF4B-00C04F79EFBC}") = "xpdm.Bitcoin.Messaging.Tests", "xpdm.Bitcoin.Messaging.Tests\xpdm.Bitcoin.Messaging.Tests.csproj", "{499D92AA-ED7F-4B6F-B478-07F4FCDBF7A0}"
EndProject
Global
	GlobalSection(SolutionConfigurationPlatforms) = preSolution
		Debug|Any CPU = Debug|Any CPU
		DebugSnk|Any CPU = DebugSnk|Any CPU
		Release|Any CPU = Release|Any CPU
		ReleaseSnk|Any CPU = ReleaseSnk|Any CPU
	EndGlobalSection
	GlobalSection(ProjectConfigurationPlatforms) = postSolution
		{77C66EA7-C2CE-4C55-A5E2-6ACCDBBF5A40}.Debug|Any CPU.ActiveCfg = Debug|Any CPU
		{77C66EA7-C2CE-4C55-A5E2-6ACCDBBF5A40}.Debug|Any CPU.Build.0 = Debug|Any CPU
		{77C66EA7-C2CE-4C55-A5E2-6ACCDBBF5A40}.DebugSnk|Any CPU.ActiveCfg = Debug|Any CPU
		{77C66EA7-C2CE-4C55-A5E2-6ACCDBBF5A40}.DebugSnk|Any CPU.Build.0 = Debug|Any CPU
		{77C66EA7-C2CE-4C55-A5E2-6ACCDBBF5A40}.Release|Any CPU.ActiveCfg = Release|Any CPU
		{77C66EA7-C2CE-4C55-A5E2-6ACCDBBF5A40}.Release|Any CPU.Build.0 = Release|Any CPU
		{77C66EA7-C2CE-4C55-A5E2-6ACCDBBF5A40}.ReleaseSnk|Any CPU.ActiveCfg = Release|Any CPU
		{77C66EA7-C2CE-4C55-A5E2-6ACCDBBF5A40}.ReleaseSnk|Any CPU.Build.0 = Release|Any CPU
		{D70489CD-ABDA-48FF-BD1E-BE3F7495BE71}.Debug|Any CPU.ActiveCfg = Debug|Any CPU
		{D70489CD-ABDA-48FF-BD1E-BE3F7495BE71}.Debug|Any CPU.Build.0 = Debug|Any CPU
		{D70489CD-ABDA-48FF-BD1E-BE3F7495BE71}.DebugSnk|Any CPU.ActiveCfg = DebugSnk|Any CPU
		{D70489CD-ABDA-48FF-BD1E-BE3F7495BE71}.DebugSnk|Any CPU.Build.0 = DebugSnk|Any CPU
		{D70489CD-ABDA-48FF-BD1E-BE3F7495BE71}.Release|Any CPU.ActiveCfg = Release|Any CPU
		{D70489CD-ABDA-48FF-BD1E-BE3F7495BE71}.Release|Any CPU.Build.0 = Release|Any CPU
		{D70489CD-ABDA-48FF-BD1E-BE3F7495BE71}.ReleaseSnk|Any CPU.ActiveCfg = ReleaseSnk|Any CPU
		{D70489CD-ABDA-48FF-BD1E-BE3F7495BE71}.ReleaseSnk|Any CPU.Build.0 = ReleaseSnk|Any CPU
		{38872A5F-E87E-4FAD-B109-8EB7B2E6A4A0}.Debug|Any CPU.ActiveCfg = Debug|Any CPU
		{38872A5F-E87E-4FAD-B109-8EB7B2E6A4A0}.Debug|Any CPU.Build.0 = Debug|Any CPU
		{38872A5F-E87E-4FAD-B109-8EB7B2E6A4A0}.DebugSnk|Any CPU.ActiveCfg = Debug|Any CPU
		{38872A5F-E87E-4FAD-B109-8EB7B2E6A4A0}.DebugSnk|Any CPU.Build.0 = Debug|Any CPU
		{38872A5F-E87E-4FAD-B109-8EB7B2E6A4A0}.Release|Any CPU.ActiveCfg = Release|Any CPU
		{38872A5F-E87E-4FAD-B109-8EB7B2E6A4A0}.Release|Any CPU.Build.0 = Release|Any CPU
		{38872A5F-E87E-4FAD-B109-8EB7B2E6A4A0}.ReleaseSnk|Any CPU.ActiveCfg = Release|Any CPU
		{38872A5F-E87E-4FAD-B109-8EB7B2E6A4A0}.ReleaseSnk|Any CPU.Build.0 = Release|Any CPU
		{9669C213-3097-40DC-8DD7-C876EDBC83EC}.Debug|Any CPU.ActiveCfg = Debug|Any CPU
		{9669C213-3097-40DC-8DD7-C876EDBC83EC}.Debug|Any CPU.Build.0 = Debug|Any CPU
		{9669C213-3097-40DC-8DD7-C876EDBC83EC}.DebugSnk|Any CPU.ActiveCfg = Debug|Any CPU
		{9669C213-3097-40DC-8DD7-C876EDBC83EC}.DebugSnk|Any CPU.Build.0 = Debug|Any CPU
		{9669C213-3097-40DC-8DD7-C876EDBC83EC}.Release|Any CPU.ActiveCfg = Release|Any CPU
		{9669C213-3097-40DC-8DD7-C876EDBC83EC}.Release|Any CPU.Build.0 = Release|Any CPU
		{9669C213-3097-40DC-8DD7-C876EDBC83EC}.ReleaseSnk|Any CPU.ActiveCfg = Release|Any CPU
		{9669C213-3097-40DC-8DD7-C876EDBC83EC}.ReleaseSnk|Any CPU.Build.0 = Release|Any CPU
		{16381259-7CED-406A-8471-86217A95E62E}.Debug|Any CPU.ActiveCfg = Debug|Any CPU
		{16381259-7CED-406A-8471-86217A95E62E}.Debug|Any CPU.Build.0 = Debug|Any CPU
		{16381259-7CED-406A-8471-86217A95E62E}.DebugSnk|Any CPU.ActiveCfg = Debug|Any CPU
		{16381259-7CED-406A-8471-86217A95E62E}.DebugSnk|Any CPU.Build.0 = Debug|Any CPU
		{16381259-7CED-406A-8471-86217A95E62E}.Release|Any CPU.ActiveCfg = Release|Any CPU
		{16381259-7CED-406A-8471-86217A95E62E}.Release|Any CPU.Build.0 = Release|Any CPU
		{16381259-7CED-406A-8471-86217A95E62E}.ReleaseSnk|Any CPU.ActiveCfg = Release|Any CPU
		{16381259-7CED-406A-8471-86217A95E62E}.ReleaseSnk|Any CPU.Build.0 = Release|Any CPU
		{499D92AA-ED7F-4B6F-B478-07F4FCDBF7A0}.Debug|Any CPU.ActiveCfg = Debug|Any CPU
		{499D92AA-ED7F-4B6F-B478-07F4FCDBF7A0}.Debug|Any CPU.Build.0 = Debug|Any CPU
		{499D92AA-ED7F-4B6F-B478-07F4FCDBF7A0}.DebugSnk|Any CPU.ActiveCfg = Debug|Any CPU
		{499D92AA-ED7F-4B6F-B478-07F4FCDBF7A0}.DebugSnk|Any CPU.Build.0 = Debug|Any CPU
		{499D92AA-ED7F-4B6F-B478-07F4FCDBF7A0}.Release|Any CPU.ActiveCfg = Release|Any CPU
		{499D92AA-ED7F-4B6F-B478-07F4FCDBF7A0}.Release|Any CPU.Build.0 = Release|Any CPU
		{499D92AA-ED7F-4B6F-B478-07F4FCDBF7A0}.ReleaseSnk|Any CPU.ActiveCfg = Release|Any CPU
		{499D92AA-ED7F-4B6F-B478-07F4FCDBF7A0}.ReleaseSnk|Any CPU.Build.0 = Release|Any CPU
	EndGlobalSection
	GlobalSection(SolutionProperties) = preSolution
		HideSolutionNode = FALSE
	EndGlobalSection
	GlobalSection(NestedProjects) = preSolution
		{D70489CD-ABDA-48FF-BD1E-BE3F7495BE71} = {7F0E176C-07BC-42FE-91B7-51DB522EFAAE}
		{38872A5F-E87E-4FAD-B109-8EB7B2E6A4A0} = {4FD1E66E-2DA9-4365-90CB-727971F0E010}
	EndGlobalSection
EndGlobal
